{
    "_readme": [
        "This file locks the dependencies of your project to a known state",
        "Read more about it at https://getcomposer.org/doc/01-basic-usage.md#composer-lock-the-lock-file",
        "This file is @generated automatically"
    ],
    "content-hash": "b58a81ac81b430c99a8c911b6b2605ef",
    "packages": [
        {
            "name": "jolicode/jolinotif",
            "version": "v1.2.0",
            "source": {
                "type": "git",
                "url": "https://github.com/jolicode/JoliNotif.git",
                "reference": "cc1bba75b52b5dc2820e19dd39ddff4b461592c9"
            },
            "dist": {
                "type": "zip",
                "url": "https://api.github.com/repos/jolicode/JoliNotif/zipball/cc1bba75b52b5dc2820e19dd39ddff4b461592c9",
                "reference": "cc1bba75b52b5dc2820e19dd39ddff4b461592c9",
                "shasum": ""
            },
            "require": {
                "php": ">=5.4.0",
                "symfony/process": "~2.3|~3.0"
            },
            "require-dev": {
                "friendsofphp/php-cs-fixer": "~2.0",
                "phpunit/phpunit": "~4.5"
            },
            "type": "library",
            "extra": {
                "branch-alias": {
                    "dev-master": "1.1.x-dev"
                }
            },
            "autoload": {
                "psr-4": {
                    "Joli\\JoliNotif\\": "src/"
                }
            },
            "notification-url": "https://packagist.org/downloads/",
            "license": [
                "MIT"
            ],
            "authors": [
                {
                    "name": "Loïck Piera",
                    "email": "pyrech@gmail.com"
                }
            ],
            "description": "Send desktop notifications on Windows, Linux, MacOS.",
            "keywords": [
                "MAC",
                "growl",
                "linux",
                "notification",
                "windows"
            ],
            "time": "2017-07-17T13:07:43+00:00"
        },
        {
            "name": "symfony/process",
            "version": "v3.3.9",
            "source": {
                "type": "git",
                "url": "https://github.com/symfony/process.git",
                "reference": "b7666e9b438027a1ea0e1ee813ec5042d5d7f6f0"
            },
            "dist": {
                "type": "zip",
                "url": "https://api.github.com/repos/symfony/process/zipball/b7666e9b438027a1ea0e1ee813ec5042d5d7f6f0",
                "reference": "b7666e9b438027a1ea0e1ee813ec5042d5d7f6f0",
                "shasum": ""
            },
            "require": {
                "php": "^5.5.9|>=7.0.8"
            },
            "type": "library",
            "extra": {
                "branch-alias": {
                    "dev-master": "3.3-dev"
                }
            },
            "autoload": {
                "psr-4": {
                    "Symfony\\Component\\Process\\": ""
                },
                "exclude-from-classmap": [
                    "/Tests/"
                ]
            },
            "notification-url": "https://packagist.org/downloads/",
            "license": [
                "MIT"
            ],
            "authors": [
                {
                    "name": "Fabien Potencier",
                    "email": "fabien@symfony.com"
                },
                {
                    "name": "Symfony Community",
                    "homepage": "https://symfony.com/contributors"
                }
            ],
            "description": "Symfony Process Component",
            "homepage": "https://symfony.com",
            "time": "2017-07-29T21:54:42+00:00"
        }
    ],
    "packages-dev": [],
    "aliases": [],
    "minimum-stability": "stable",
    "stability-flags": [],
    "prefer-stable": false,
    "prefer-lowest": false,
    "platform": [],
    "platform-dev": []
}
